
Microsoft Visual Studio Solution File, Format Version 12.00
# Visual Studio Version 16
VisualStudioVersion = 16.0.30114.105
MinimumVisualStudioVersion = 10.0.40219.1
Project("{2150E333-8FDC-42A3-9474-1A3956D46DE8}") = "Services", "Services", "{BA8C37CC-9D01-4E03-A856-8F710AE41076}"
EndProject
Project("{2150E333-8FDC-42A3-9474-1A3956D46DE8}") = "Share", "Share", "{FDE43A6B-4593-4E76-8502-371F64CE9F75}"
EndProject
Project("{9A19103F-16F7-4668-BE54-9A1E7A4F7556}") = "NCB.Core", "Share\NCB.Core\NCB.Core.csproj", "{33DC1352-8C7A-490D-9A1C-87A14A4F7996}"
EndProject
Project("{2150E333-8FDC-42A3-9474-1A3956D46DE8}") = "Solution Items", "Solution Items", "{97665BE4-F9AB-4452-943A-F0EF444CB137}"
EndProject
Project("{9A19103F-16F7-4668-BE54-9A1E7A4F7556}") = "NCB.EventBus", "Share\NCB.EventBus\NCB.EventBus.csproj", "{1E7017BA-6368-4497-89A6-6424EB0A0970}"
EndProject
Project("{E53339B2-1760-4266-BCC7-CA923CBCF16C}") = "docker-compose", "docker-compose.dcproj", "{46C6B18E-F5A3-457D-9839-C51E9E47C4A6}"
EndProject
Project("{2150E333-8FDC-42A3-9474-1A3956D46DE8}") = "ApiGateway", "ApiGateway", "{AF6ABF96-BFEE-4BF3-92AF-7F5446D1A11A}"
EndProject
Project("{9A19103F-16F7-4668-BE54-9A1E7A4F7556}") = "NCB.ApiGateway", "ApiGateway\NCB.ApiGateway\NCB.ApiGateway.csproj", "{46EAE9A2-4AB4-4F1F-92A1-4FB61F6E50CC}"
EndProject
Project("{2150E333-8FDC-42A3-9474-1A3956D46DE8}") = "Catalog", "Catalog", "{C37F52F1-46BE-46D3-934A-10BF98D05FF4}"
EndProject
Project("{2150E333-8FDC-42A3-9474-1A3956D46DE8}") = "Tests", "Tests", "{5CAA364B-2212-490B-BF92-EDAF12AC9AC0}"
EndProject
Project("{9A19103F-16F7-4668-BE54-9A1E7A4F7556}") = "Catalog.Api.UnitTests", "Services\Catalog\Tests\Catalog.Api.UnitTests\Catalog.Api.UnitTests.csproj", "{077AE469-7749-42E9-A6AC-759FEF7743C5}"
EndProject
Project("{9A19103F-16F7-4668-BE54-9A1E7A4F7556}") = "NCB.Catalog.Api", "Services\Catalog\NCB.Catalog.Api\NCB.Catalog.Api.csproj", "{2F774452-E180-4C95-95B8-623A9374049F}"
EndProject
Project("{2150E333-8FDC-42A3-9474-1A3956D46DE8}") = "Identity", "Identity", "{3809F617-4415-4D42-BD83-035B24D82F05}"
EndProject
Project("{2150E333-8FDC-42A3-9474-1A3956D46DE8}") = "Tests", "Tests", "{041BE455-9C4F-485A-907C-CA58747E6D4A}"
EndProject
Project("{FAE04EC0-301F-11D3-BF4B-00C04F79EFBC}") = "Identity.Api.UnitTest", "Services\Identity\Tests\Identity.Api.UnitTest\Identity.Api.UnitTest.csproj", "{A7603AB1-AD73-4D6C-8284-8EFFA1B5FFCE}"
EndProject
Project("{9A19103F-16F7-4668-BE54-9A1E7A4F7556}") = "NCB.Identity.Api", "Services\Identity\NCB.Identity.Api\NCB.Identity.Api.csproj", "{4546DDE1-0EE9-4F8C-BD12-AD44A77042EC}"
EndProject
Global
	GlobalSection(SolutionConfigurationPlatforms) = preSolution
		Debug|Any CPU = Debug|Any CPU
		Release|Any CPU = Release|Any CPU
	EndGlobalSection
	GlobalSection(ProjectConfigurationPlatforms) = postSolution
		{33DC1352-8C7A-490D-9A1C-87A14A4F7996}.Debug|Any CPU.ActiveCfg = Debug|Any CPU
		{33DC1352-8C7A-490D-9A1C-87A14A4F7996}.Debug|Any CPU.Build.0 = Debug|Any CPU
		{33DC1352-8C7A-490D-9A1C-87A14A4F7996}.Release|Any CPU.ActiveCfg = Release|Any CPU
		{33DC1352-8C7A-490D-9A1C-87A14A4F7996}.Release|Any CPU.Build.0 = Release|Any CPU
		{1E7017BA-6368-4497-89A6-6424EB0A0970}.Debug|Any CPU.ActiveCfg = Debug|Any CPU
		{1E7017BA-6368-4497-89A6-6424EB0A0970}.Debug|Any CPU.Build.0 = Debug|Any CPU
		{1E7017BA-6368-4497-89A6-6424EB0A0970}.Release|Any CPU.ActiveCfg = Release|Any CPU
		{1E7017BA-6368-4497-89A6-6424EB0A0970}.Release|Any CPU.Build.0 = Release|Any CPU
		{46C6B18E-F5A3-457D-9839-C51E9E47C4A6}.Debug|Any CPU.ActiveCfg = Debug|Any CPU
		{46C6B18E-F5A3-457D-9839-C51E9E47C4A6}.Debug|Any CPU.Build.0 = Debug|Any CPU
		{46C6B18E-F5A3-457D-9839-C51E9E47C4A6}.Release|Any CPU.ActiveCfg = Release|Any CPU
		{46C6B18E-F5A3-457D-9839-C51E9E47C4A6}.Release|Any CPU.Build.0 = Release|Any CPU
		{46EAE9A2-4AB4-4F1F-92A1-4FB61F6E50CC}.Debug|Any CPU.ActiveCfg = Debug|Any CPU
		{46EAE9A2-4AB4-4F1F-92A1-4FB61F6E50CC}.Debug|Any CPU.Build.0 = Debug|Any CPU
		{46EAE9A2-4AB4-4F1F-92A1-4FB61F6E50CC}.Release|Any CPU.ActiveCfg = Release|Any CPU
		{46EAE9A2-4AB4-4F1F-92A1-4FB61F6E50CC}.Release|Any CPU.Build.0 = Release|Any CPU
		{077AE469-7749-42E9-A6AC-759FEF7743C5}.Debug|Any CPU.ActiveCfg = Debug|Any CPU
		{077AE469-7749-42E9-A6AC-759FEF7743C5}.Debug|Any CPU.Build.0 = Debug|Any CPU
		{077AE469-7749-42E9-A6AC-759FEF7743C5}.Release|Any CPU.ActiveCfg = Release|Any CPU
		{077AE469-7749-42E9-A6AC-759FEF7743C5}.Release|Any CPU.Build.0 = Release|Any CPU
		{2F774452-E180-4C95-95B8-623A9374049F}.Debug|Any CPU.ActiveCfg = Debug|Any CPU
		{2F774452-E180-4C95-95B8-623A9374049F}.Debug|Any CPU.Build.0 = Debug|Any CPU
		{2F774452-E180-4C95-95B8-623A9374049F}.Release|Any CPU.ActiveCfg = Release|Any CPU
		{2F774452-E180-4C95-95B8-623A9374049F}.Release|Any CPU.Build.0 = Release|Any CPU
		{A7603AB1-AD73-4D6C-8284-8EFFA1B5FFCE}.Debug|Any CPU.ActiveCfg = Debug|Any CPU
		{A7603AB1-AD73-4D6C-8284-8EFFA1B5FFCE}.Debug|Any CPU.Build.0 = Debug|Any CPU
		{A7603AB1-AD73-4D6C-8284-8EFFA1B5FFCE}.Release|Any CPU.ActiveCfg = Release|Any CPU
		{A7603AB1-AD73-4D6C-8284-8EFFA1B5FFCE}.Release|Any CPU.Build.0 = Release|Any CPU
		{4546DDE1-0EE9-4F8C-BD12-AD44A77042EC}.Debug|Any CPU.ActiveCfg = Debug|Any CPU
		{4546DDE1-0EE9-4F8C-BD12-AD44A77042EC}.Debug|Any CPU.Build.0 = Debug|Any CPU
		{4546DDE1-0EE9-4F8C-BD12-AD44A77042EC}.Release|Any CPU.ActiveCfg = Release|Any CPU
		{4546DDE1-0EE9-4F8C-BD12-AD44A77042EC}.Release|Any CPU.Build.0 = Release|Any CPU
	EndGlobalSection
	GlobalSection(SolutionProperties) = preSolution
		HideSolutionNode = FALSE
	EndGlobalSection
	GlobalSection(NestedProjects) = preSolution
		{33DC1352-8C7A-490D-9A1C-87A14A4F7996} = {FDE43A6B-4593-4E76-8502-371F64CE9F75}
		{1E7017BA-6368-4497-89A6-6424EB0A0970} = {FDE43A6B-4593-4E76-8502-371F64CE9F75}
		{46EAE9A2-4AB4-4F1F-92A1-4FB61F6E50CC} = {AF6ABF96-BFEE-4BF3-92AF-7F5446D1A11A}
		{C37F52F1-46BE-46D3-934A-10BF98D05FF4} = {BA8C37CC-9D01-4E03-A856-8F710AE41076}
		{5CAA364B-2212-490B-BF92-EDAF12AC9AC0} = {C37F52F1-46BE-46D3-934A-10BF98D05FF4}
		{077AE469-7749-42E9-A6AC-759FEF7743C5} = {5CAA364B-2212-490B-BF92-EDAF12AC9AC0}
		{2F774452-E180-4C95-95B8-623A9374049F} = {C37F52F1-46BE-46D3-934A-10BF98D05FF4}
		{3809F617-4415-4D42-BD83-035B24D82F05} = {BA8C37CC-9D01-4E03-A856-8F710AE41076}
		{041BE455-9C4F-485A-907C-CA58747E6D4A} = {3809F617-4415-4D42-BD83-035B24D82F05}
		{A7603AB1-AD73-4D6C-8284-8EFFA1B5FFCE} = {041BE455-9C4F-485A-907C-CA58747E6D4A}
		{4546DDE1-0EE9-4F8C-BD12-AD44A77042EC} = {3809F617-4415-4D42-BD83-035B24D82F05}
	EndGlobalSection
	GlobalSection(ExtensibilityGlobals) = postSolution
		SolutionGuid = {5C4D7C31-B687-4D74-9B80-A2428AF3A09D}
	EndGlobalSection
EndGlobal
